
Microsoft Visual Studio Solution File, Format Version 12.00
# Visual Studio Version 16
VisualStudioVersion = 16.0.30611.23
MinimumVisualStudioVersion = 10.0.40219.1
Project("{FAE04EC0-301F-11D3-BF4B-00C04F79EFBC}") = "CodeForPassion", "CodeForPassion.csproj", "{53F4BFCF-AFF9-4057-A0DB-BBCA49CEFEEC}"
EndProject
Global
	GlobalSection(SolutionConfigurationPlatforms) = preSolution
		Debug|Any CPU = Debug|Any CPU
		Release|Any CPU = Release|Any CPU
	EndGlobalSection
	GlobalSection(ProjectConfigurationPlatforms) = postSolution
		{53F4BFCF-AFF9-4057-A0DB-BBCA49CEFEEC}.Debug|Any CPU.ActiveCfg = Debug|Any CPU
		{53F4BFCF-AFF9-4057-A0DB-BBCA49CEFEEC}.Debug|Any CPU.Build.0 = Debug|Any CPU
		{53F4BFCF-AFF9-4057-A0DB-BBCA49CEFEEC}.Release|Any CPU.ActiveCfg = Release|Any CPU
		{53F4BFCF-AFF9-4057-A0DB-BBCA49CEFEEC}.Release|Any CPU.Build.0 = Release|Any CPU
	EndGlobalSection
	GlobalSection(SolutionProperties) = preSolution
		HideSolutionNode = FALSE
	EndGlobalSection
	GlobalSection(ExtensibilityGlobals) = postSolution
		SolutionGuid = {DC49C1F4-6627-4E50-A0A3-3DD1A2642B24}
	EndGlobalSection
EndGlobal
